
Microsoft Visual Studio Solution File, Format Version 12.00
# Visual Studio Version 16
VisualStudioVersion = 16.0.29613.14
MinimumVisualStudioVersion = 10.0.40219.1
Project("{FAE04EC0-301F-11D3-BF4B-00C04F79EFBC}") = "玩Shader", "WanShader\玩Shader.csproj", "{71574837-7E2F-4FB2-B433-903E417E73A6}"
EndProject
Project("{FAE04EC0-301F-11D3-BF4B-00C04F79EFBC}") = "FBOTest", "FBOTest\FBOTest.csproj", "{FD93DC77-2A2C-47EB-9F17-68E46F1C5CBD}"
EndProject
Project("{9A19103F-16F7-4668-BE54-9A1E7A4F7556}") = "LitJson", "LitJson\LitJson.csproj", "{489532D6-291E-484E-B8DD-29BCFEF46BBF}"
EndProject
Global
	GlobalSection(SolutionConfigurationPlatforms) = preSolution
		Debug|Any CPU = Debug|Any CPU
		Release|Any CPU = Release|Any CPU
	EndGlobalSection
	GlobalSection(ProjectConfigurationPlatforms) = postSolution
		{71574837-7E2F-4FB2-B433-903E417E73A6}.Debug|Any CPU.ActiveCfg = Debug|Any CPU
		{71574837-7E2F-4FB2-B433-903E417E73A6}.Debug|Any CPU.Build.0 = Debug|Any CPU
		{71574837-7E2F-4FB2-B433-903E417E73A6}.Release|Any CPU.ActiveCfg = Release|Any CPU
		{71574837-7E2F-4FB2-B433-903E417E73A6}.Release|Any CPU.Build.0 = Release|Any CPU
		{FD93DC77-2A2C-47EB-9F17-68E46F1C5CBD}.Debug|Any CPU.ActiveCfg = Debug|Any CPU
		{FD93DC77-2A2C-47EB-9F17-68E46F1C5CBD}.Debug|Any CPU.Build.0 = Debug|Any CPU
		{FD93DC77-2A2C-47EB-9F17-68E46F1C5CBD}.Release|Any CPU.ActiveCfg = Release|Any CPU
		{FD93DC77-2A2C-47EB-9F17-68E46F1C5CBD}.Release|Any CPU.Build.0 = Release|Any CPU
		{489532D6-291E-484E-B8DD-29BCFEF46BBF}.Debug|Any CPU.ActiveCfg = Debug|Any CPU
		{489532D6-291E-484E-B8DD-29BCFEF46BBF}.Debug|Any CPU.Build.0 = Debug|Any CPU
		{489532D6-291E-484E-B8DD-29BCFEF46BBF}.Release|Any CPU.ActiveCfg = Release|Any CPU
		{489532D6-291E-484E-B8DD-29BCFEF46BBF}.Release|Any CPU.Build.0 = Release|Any CPU
	EndGlobalSection
	GlobalSection(SolutionProperties) = preSolution
		HideSolutionNode = FALSE
	EndGlobalSection
	GlobalSection(ExtensibilityGlobals) = postSolution
		SolutionGuid = {08CCE4F2-63B1-40D4-8457-ED7AE0AEE2A2}
	EndGlobalSection
EndGlobal
